{
  "nodes": {
    "nixpkgs": {
      "locked": {
        "lastModified": 1768564909,
        "narHash": "sha256-Kell/SpJYVkHWMvnhqJz/8DqQg2b6PguxVWOuadbHCc=",
        "rev": "e4bae1bd10c9c57b2cf517953ab70060a828ee6f",
        "revCount": 928726,
        "type": "tarball",
        "url": "https://api.flakehub.com/f/pinned/NixOS/nixpkgs/0.1.928726%2Brev-e4bae1bd10c9c57b2cf517953ab70060a828ee6f/019bc8c9-d277-7e35-b3d9-c36e1fdbfb5a/source.tar.gz"
      },
      "original": {
        "type": "tarball",
        "url": "https://flakehub.com/f/NixOS/nixpkgs/0.1"
      }
    },
    "root": {
      "inputs": {
        "nixpkgs": "nixpkgs"
      }
    }
  },
  "root": "root",
  "version": 7
}
